
Microsoft Visual Studio Solution File, Format Version 12.00
# Visual Studio Version 17
VisualStudioVersion = 17.12.35323.107
MinimumVisualStudioVersion = 10.0.40219.1
Project("{FAE04EC0-301F-11D3-BF4B-00C04F79EFBC}") = "Rop.Results9", "Rop.Results9\Rop.Results9.csproj", "{4E0535F0-6DCA-45F0-9FC3-A33EEAFF6E08}"
EndProject
Project("{FAE04EC0-301F-11D3-BF4B-00C04F79EFBC}") = "XTestResult9", "XTestResult9\XTestResult9.csproj", "{A6857DD1-FAAC-4DE3-93EC-4A2A9BCEE6B5}"
EndProject
Global
	GlobalSection(SolutionConfigurationPlatforms) = preSolution
		Debug|Any CPU = Debug|Any CPU
		Release|Any CPU = Release|Any CPU
	EndGlobalSection
	GlobalSection(ProjectConfigurationPlatforms) = postSolution
		{4E0535F0-6DCA-45F0-9FC3-A33EEAFF6E08}.Debug|Any CPU.ActiveCfg = Debug|Any CPU
		{4E0535F0-6DCA-45F0-9FC3-A33EEAFF6E08}.Debug|Any CPU.Build.0 = Debug|Any CPU
		{4E0535F0-6DCA-45F0-9FC3-A33EEAFF6E08}.Release|Any CPU.ActiveCfg = Release|Any CPU
		{4E0535F0-6DCA-45F0-9FC3-A33EEAFF6E08}.Release|Any CPU.Build.0 = Release|Any CPU
		{A6857DD1-FAAC-4DE3-93EC-4A2A9BCEE6B5}.Debug|Any CPU.ActiveCfg = Debug|Any CPU
		{A6857DD1-FAAC-4DE3-93EC-4A2A9BCEE6B5}.Debug|Any CPU.Build.0 = Debug|Any CPU
		{A6857DD1-FAAC-4DE3-93EC-4A2A9BCEE6B5}.Release|Any CPU.ActiveCfg = Release|Any CPU
		{A6857DD1-FAAC-4DE3-93EC-4A2A9BCEE6B5}.Release|Any CPU.Build.0 = Release|Any CPU
	EndGlobalSection
	GlobalSection(SolutionProperties) = preSolution
		HideSolutionNode = FALSE
	EndGlobalSection
	GlobalSection(ExtensibilityGlobals) = postSolution
		SolutionGuid = {AEAE604A-1FA6-437B-9F69-B9CF120ADF16}
	EndGlobalSection
EndGlobal
